
Microsoft Visual Studio Solution File, Format Version 12.00
# Visual Studio 2013
VisualStudioVersion = 12.0.21005.1
MinimumVisualStudioVersion = 10.0.40219.1
Project("{FAE04EC0-301F-11D3-BF4B-00C04F79EFBC}") = "TobeDemo", "TobeDemo\TobeDemo.csproj", "{A9073CD6-23A9-4EC1-AFD8-CEB3EA8989E5}"
EndProject
Project("{F184B08F-C81C-45F6-A57F-5ABD9991F28F}") = "VbDemo", "VbDemo\VbDemo.vbproj", "{F805F19F-ED7B-47C3-9429-EF67D2EFA694}"
EndProject
Global
	GlobalSection(SolutionConfigurationPlatforms) = preSolution
		Debug|Any CPU = Debug|Any CPU
		Release|Any CPU = Release|Any CPU
	EndGlobalSection
	GlobalSection(ProjectConfigurationPlatforms) = postSolution
		{A9073CD6-23A9-4EC1-AFD8-CEB3EA8989E5}.Debug|Any CPU.ActiveCfg = Debug|Any CPU
		{A9073CD6-23A9-4EC1-AFD8-CEB3EA8989E5}.Debug|Any CPU.Build.0 = Debug|Any CPU
		{A9073CD6-23A9-4EC1-AFD8-CEB3EA8989E5}.Release|Any CPU.ActiveCfg = Release|Any CPU
		{A9073CD6-23A9-4EC1-AFD8-CEB3EA8989E5}.Release|Any CPU.Build.0 = Release|Any CPU
		{F805F19F-ED7B-47C3-9429-EF67D2EFA694}.Debug|Any CPU.ActiveCfg = Debug|Any CPU
		{F805F19F-ED7B-47C3-9429-EF67D2EFA694}.Debug|Any CPU.Build.0 = Debug|Any CPU
		{F805F19F-ED7B-47C3-9429-EF67D2EFA694}.Release|Any CPU.ActiveCfg = Release|Any CPU
		{F805F19F-ED7B-47C3-9429-EF67D2EFA694}.Release|Any CPU.Build.0 = Release|Any CPU
	EndGlobalSection
	GlobalSection(SolutionProperties) = preSolution
		HideSolutionNode = FALSE
	EndGlobalSection
EndGlobal
